{
  "version": 4,
  "terraform_version": "1.12.1",
  "serial": 10,
  "lineage": "c9a5c9db-2510-d8dd-face-cc38e54e1f30",
  "outputs": {
    "ec2_instance_ip": {
      "value": "13.203.210.12",
      "type": "string"
    },
    "s3_bucket_name": {
      "value": "test-devops1211",
      "type": "string"
    }
  },
  "resources": [
    {
      "mode": "managed",
      "type": "aws_key_pair",
      "name": "my_key",
      "provider": "provider[\"registry.terraform.io/hashicorp/aws\"]",
      "instances": [
        {
          "schema_version": 1,
          "attributes": {
            "arn": "arn:aws:ec2:ap-south-1:975050329633:key-pair/my_aws_key_new",
            "fingerprint": "ab:64:b2:bd:29:11:08:6a:34:f2:25:7e:25:30:89:da",
            "id": "my_aws_key_new",
            "key_name": "my_aws_key_new",
            "key_name_prefix": "",
            "key_pair_id": "key-07a977180d35cea05",
            "key_type": "rsa",
            "public_key": "ssh-rsa AAAAB3NzaC1yc2EAAAADAQABAAACAQCvrtig63OwPGYjTv2xdvzgnTQbEw9XAYteVuw+c0j1M0eUtyEuWAgBtrHDA/Actng0OXsSBjCpZXERzvUao2KX3zRAf9+EXpMeZxMrmZ+U9qdWWCVltHGANEz1bSw5erFmuOq1h2p5U4/iuAMKGhULlpSFMDbRCeDOCIOtpAwahQPYJ59b7p6gPXEcq8HakHyUt7BZlTdpjEQ19f/RbcISDf3VjBqGUqaBYGsKpUWHKTlkX8Yx9qRg1JnzLqTg92KDAwRY/0Tc6nUP93Oif5FxxEaUIdKyAGUVyfDVsFbdgmDmO35vlajFI8Usr76zwhWDQjcFSIHbyeJvApUJ+8yErWAzlPwSXTwsEyN660RW8rG22SaLSZY2i6Ma4TTGf29yLt5B2VTNZCYt6HK5xPUCzALbI5iDrwa0WEvT0R+fy8J+0/ZSlXn2Ah+bxs7cGgErD+7EY5AqOj9mpTKZHafFnXKgVt24d34N4dCkcDdOO0z8UAjUdX+dioGglhuDeTJN4N2aJD8PeF80+sb4MGF9Gv61QlCoBbHybFQcV6xRWywHxakOf8fc2eDnqtPA80H89ZLHMkjyPD7+T1Qd2GGzONDJlupDCTc8OMDPIPM212Zy5aZ3HSVMt+8mKfHaILT9Sqt7xknLyRstqR76Zijbq5VS23tEeSkEhAk2D5WclQ== siddharth@masiddha-BKTNS74",
            "tags": {},
            "tags_all": {}
          },
          "sensitive_attributes": [],
          "identity_schema_version": 0,
          "private": "eyJzY2hlbWFfdmVyc2lvbiI6IjEifQ=="
        }
      ]
    },
    {
      "module": "module.ec2_instance[0]",
      "mode": "managed",
      "type": "aws_instance",
      "name": "devops_test",
      "provider": "provider[\"registry.terraform.io/hashicorp/aws\"]",
      "instances": [
        {
          "schema_version": 1,
          "attributes": {
            "ami": "ami-06b6e5225d1db5f46",
            "arn": "arn:aws:ec2:ap-south-1:975050329633:instance/i-0ece70280c7912e7b",
            "associate_public_ip_address": true,
            "availability_zone": "ap-south-1b",
            "capacity_reservation_specification": [
              {
                "capacity_reservation_preference": "open",
                "capacity_reservation_target": []
              }
            ],
            "cpu_core_count": 1,
            "cpu_options": [
              {
                "amd_sev_snp": "",
                "core_count": 1,
                "threads_per_core": 1
              }
            ],
            "cpu_threads_per_core": 1,
            "credit_specification": [
              {
                "cpu_credits": "standard"
              }
            ],
            "disable_api_stop": false,
            "disable_api_termination": false,
            "ebs_block_device": [],
            "ebs_optimized": false,
            "enable_primary_ipv6": null,
            "enclave_options": [
              {
                "enabled": false
              }
            ],
            "ephemeral_block_device": [],
            "get_password_data": false,
            "hibernation": false,
            "host_id": "",
            "host_resource_group_arn": null,
            "iam_instance_profile": "",
            "id": "i-0ece70280c7912e7b",
            "instance_initiated_shutdown_behavior": "stop",
            "instance_lifecycle": "",
            "instance_market_options": [],
            "instance_state": "running",
            "instance_type": "t2.micro",
            "ipv6_address_count": 0,
            "ipv6_addresses": [],
            "key_name": "my_aws_key_new",
            "launch_template": [],
            "maintenance_options": [
              {
                "auto_recovery": "default"
              }
            ],
            "metadata_options": [
              {
                "http_endpoint": "enabled",
                "http_protocol_ipv6": "disabled",
                "http_put_response_hop_limit": 1,
                "http_tokens": "optional",
                "instance_metadata_tags": "disabled"
              }
            ],
            "monitoring": false,
            "network_interface": [],
            "outpost_arn": "",
            "password_data": "",
            "placement_group": "",
            "placement_partition_number": 0,
            "primary_network_interface_id": "eni-085037bb847eb1a72",
            "private_dns": "ip-172-31-1-35.ap-south-1.compute.internal",
            "private_dns_name_options": [
              {
                "enable_resource_name_dns_a_record": false,
                "enable_resource_name_dns_aaaa_record": false,
                "hostname_type": "ip-name"
              }
            ],
            "private_ip": "172.31.1.35",
            "public_dns": "ec2-13-203-210-12.ap-south-1.compute.amazonaws.com",
            "public_ip": "13.203.210.12",
            "root_block_device": [
              {
                "delete_on_termination": true,
                "device_name": "/dev/sda1",
                "encrypted": false,
                "iops": 100,
                "kms_key_id": "",
                "tags": {},
                "tags_all": {},
                "throughput": 0,
                "volume_id": "vol-0331d8d1cc3185d98",
                "volume_size": 8,
                "volume_type": "gp2"
              }
            ],
            "secondary_private_ips": [],
            "security_groups": [
              "default"
            ],
            "source_dest_check": true,
            "spot_instance_request_id": "",
            "subnet_id": "subnet-0d9b9074bf2b2f118",
            "tags": {
              "Name": "devops_test"
            },
            "tags_all": {
              "Name": "devops_test"
            },
            "tenancy": "default",
            "timeouts": null,
            "user_data": null,
            "user_data_base64": null,
            "user_data_replace_on_change": false,
            "volume_tags": null,
            "vpc_security_group_ids": [
              "sg-0a52c1ad39353106e"
            ]
          },
          "sensitive_attributes": [],
          "identity_schema_version": 0,
          "private": "eyJlMmJmYjczMC1lY2FhLTExZTYtOGY4OC0zNDM2M2JjN2M0YzAiOnsiY3JlYXRlIjo2MDAwMDAwMDAwMDAsImRlbGV0ZSI6MTIwMDAwMDAwMDAwMCwicmVhZCI6OTAwMDAwMDAwMDAwLCJ1cGRhdGUiOjYwMDAwMDAwMDAwMH0sInNjaGVtYV92ZXJzaW9uIjoiMSJ9",
          "dependencies": [
            "aws_key_pair.my_key"
          ]
        }
      ]
    },
    {
      "module": "module.s3_bucket",
      "mode": "managed",
      "type": "aws_s3_bucket",
      "name": "devops",
      "provider": "provider[\"registry.terraform.io/hashicorp/aws\"]",
      "instances": [
        {
          "schema_version": 0,
          "attributes": {
            "acceleration_status": "",
            "acl": "private",
            "arn": "arn:aws:s3:::test-devops1211",
            "bucket": "test-devops1211",
            "bucket_domain_name": "test-devops1211.s3.amazonaws.com",
            "bucket_prefix": "",
            "bucket_regional_domain_name": "test-devops1211.s3.ap-south-1.amazonaws.com",
            "cors_rule": [],
            "force_destroy": false,
            "grant": [
              {
                "id": "ec608e575c6174d74677071d3103bf54c87f7265c987ae5589c6ce16f3f6c2b6",
                "permissions": [
                  "FULL_CONTROL"
                ],
                "type": "CanonicalUser",
                "uri": ""
              }
            ],
            "hosted_zone_id": "Z11RGJOFQNVJUP",
            "id": "test-devops1211",
            "lifecycle_rule": [],
            "logging": [],
            "object_lock_configuration": [],
            "object_lock_enabled": false,
            "policy": "",
            "region": "ap-south-1",
            "replication_configuration": [],
            "request_payer": "BucketOwner",
            "server_side_encryption_configuration": [
              {
                "rule": [
                  {
                    "apply_server_side_encryption_by_default": [
                      {
                        "kms_master_key_id": "",
                        "sse_algorithm": "AES256"
                      }
                    ],
                    "bucket_key_enabled": false
                  }
                ]
              }
            ],
            "tags": {},
            "tags_all": {},
            "timeouts": null,
            "versioning": [
              {
                "enabled": true,
                "mfa_delete": false
              }
            ],
            "website": [],
            "website_domain": null,
            "website_endpoint": null
          },
          "sensitive_attributes": [],
          "identity_schema_version": 0,
          "private": "eyJlMmJmYjczMC1lY2FhLTExZTYtOGY4OC0zNDM2M2JjN2M0YzAiOnsiY3JlYXRlIjoxMjAwMDAwMDAwMDAwLCJkZWxldGUiOjM2MDAwMDAwMDAwMDAsInJlYWQiOjEyMDAwMDAwMDAwMDAsInVwZGF0ZSI6MTIwMDAwMDAwMDAwMH19"
        }
      ]
    }
  ],
  "check_results": null
}
